lockfileVersion: '9.0'

settings:
  autoInstallPeers: true
  excludeLinksFromLockfile: false

importers:

  .:
    dependencies:
      svelte-sonner:
        specifier: ^1.1.1
        version: 1.1.1(svelte@5.56.4)
      yaml:
        specifier: ^2.9.0
        version: 2.9.0
    devDependencies:
      '@fontsource-variable/geist':
        specifier: ^5.2.9
        version: 5.2.9
      '@internationalized/date':
        specifier: ^3.12.2
        version: 3.12.2
      '@lucide/svelte':
        specifier: ^1.21.0
        version: 1.21.0(svelte@5.56.4)
      '@sveltejs/adapter-auto':
        specifier: latest
        version: 7.0.1(@sveltejs/kit@2.67.0(@sveltejs/vite-plugin-svelte@7.1.2(svelte@5.56.4)(vite@8.1.0(@types/node@26.0.0)(jiti@2.7.0)(yaml@2.9.0)))(svelte@5.56.4)(typescript@6.0.3)(vite@8.1.0(@types/node@26.0.0)(jiti@2.7.0)(yaml@2.9.0)))
      '@sveltejs/kit':
        specifier: latest
        version: 2.67.0(@sveltejs/vite-plugin-svelte@7.1.2(svelte@5.56.4)(vite@8.1.0(@types/node@26.0.0)(jiti@2.7.0)(yaml@2.9.0)))(svelte@5.56.4)(typescript@6.0.3)(vite@8.1.0(@types/node@26.0.0)(jiti@2.7.0)(yaml@2.9.0))
      '@sveltejs/vite-plugin-svelte':
        specifier: ^7.1.2
        version: 7.1.2(svelte@5.56.4)(vite@8.1.0(@types/node@26.0.0)(jiti@2.7.0)(yaml@2.9.0))
      '@tailwindcss/vite':
        specifier: ^4.3.1
        version: 4.3.1(vite@8.1.0(@types/node@26.0.0)(jiti@2.7.0)(yaml@2.9.0))
      '@types/node':
        specifier: ^26.0.0
        version: 26.0.0
      bits-ui:
        specifier: ^2.18.1
        version: 2.18.1(@internationalized/date@3.12.2)(@sveltejs/kit@2.67.0(@sveltejs/vite-plugin-svelte@7.1.2(svelte@5.56.4)(vite@8.1.0(@types/node@26.0.0)(jiti@2.7.0)(yaml@2.9.0)))(svelte@5.56.4)(typescript@6.0.3)(vite@8.1.0(@types/node@26.0.0)(jiti@2.7.0)(yaml@2.9.0)))(svelte@5.56.4)
      clsx:
        specifier: ^2.1.1
        version: 2.1.1
      mode-watcher:
        specifier: ^1.1.0
        version: 1.1.0(svelte@5.56.4)
      shadcn-svelte:
        specifier: ^1.3.0
        version: 1.3.0(svelte@5.56.4)
      svelte:
        specifier: ^5.56.4
        version: 5.56.4
      svelte-check:
        specifier: ^4.7.0
        version: 4.7.0(picomatch@4.0.4)(svelte@5.56.4)(typescript@6.0.3)
      tailwind-merge:
        specifier: ^3.6.0
        version: 3.6.0
      tailwind-variants:
        specifier: ^3.2.2
        version: 3.2.2(tailwind-merge@3.6.0)(tailwindcss@4.3.1)
      tailwindcss:
        specifier: ^4.3.1
        version: 4.3.1
      tw-animate-css:
        specifier: ^1.4.0
        version: 1.4.0
      typescript:
        specifier: ^6.0.3
        version: 6.0.3
      valibot:
        specifier: ^1.4.1
        version: 1.4.1(typescript@6.0.3)
      vite:
        specifier: ^8.1.0
        version: 8.1.0(@types/node@26.0.0)(jiti@2.7.0)(yaml@2.9.0)

packages:

  '@emnapi/core@1.11.1':
    resolution: {integrity: sha512-RSvbQmHzdKzNsLYa/wHrbc3KN4sYLKAdPZxqiM2HATqv/SBk2/ENSHpvXGaLOMcsAyz0poEGqkmmKYG3OWiJEQ==}

  '@emnapi/runtime@1.11.1':
    resolution: {integrity: sha512-vgj7R3y3Wgx24IQaGPA/R6YFXLHVMOZ0uVEyIQPaWs+rd1AzfEMXlAC22FYwO1XkKR6NPsq7mUandH8oIRdZFw==}

  '@emnapi/wasi-threads@1.2.2':
    resolution: {integrity: sha512-c95qOXkHdydNKhscBTebqEC1CVAZpyqOfVfBzQ1qgzyl3gfeldUjIggDbIZgDKsHLgnsM+igH7TJ/eAasaVuMA==}

  '@floating-ui/core@1.7.5':
    resolution: {integrity: sha512-1Ih4WTWyw0+lKyFMcBHGbb5U5FtuHJuujoyyr5zTaWS5EYMeT6Jb2AuDeftsCsEuchO+mM2ij5+q9crhydzLhQ==}

  '@floating-ui/dom@1.7.6':
    resolution: {integrity: sha512-9gZSAI5XM36880PPMm//9dfiEngYoC6Am2izES1FF406YFsjvyBMmeJ2g4SAju3xWwtuynNRFL2s9hgxpLI5SQ==}

  '@floating-ui/utils@0.2.11':
    resolution: {integrity: sha512-RiB/yIh78pcIxl6lLMG0CgBXAZ2Y0eVHqMPYugu+9U0AeT6YBeiJpf7lbdJNIugFP5SIjwNRgo4DhR1Qxi26Gg==}

  '@fontsource-variable/geist@5.2.9':
    resolution: {integrity: sha512-TP+QSBG3wxKGPE33CbMy/L0Nu3qvJ6Fy81Yc4LnQ95xH+i+cfEp8fyU8/kfV14YwszxIFPhnoMTbjL71waVpyQ==}

  '@internationalized/date@3.12.2':
    resolution: {integrity: sha512-FY1Y+H64NDs+HAF6omlnWxm3mEpfgaCSWtL5l551ZZfImA+kGjPFgrnJrGjH6lfmLL0g8Z/mBu1R3kufeCp6Jw==}

  '@jridgewell/gen-mapping@0.3.13':
    resolution: {integrity: sha512-2kkt/7niJ6MgEPxF0bYdQ6etZaA+fQvDcLKckhy1yIQOzaoKjBBjSj63/aLVjYE3qhRt5dvM+uUyfCg6UKCBbA==}

  '@jridgewell/remapping@2.3.5':
    resolution: {integrity: sha512-LI9u/+laYG4Ds1TDKSJW2YPrIlcVYOwi2fUC6xB43lueCjgxV4lffOCZCtYFiH6TNOX+tQKXx97T4IKHbhyHEQ==}

  '@jridgewell/resolve-uri@3.1.2':
    resolution: {integrity: sha512-bRISgCIjP20/tbWSPWMEi54QVPRZExkuD9lJL+UIxUKtwVJA8wW1Trb1jMs1RFXo1CBTNZ/5hpC9QvmKWdopKw==}
    engines: {node: '>=6.0.0'}

  '@jridgewell/sourcemap-codec@1.5.5':
    resolution: {integrity: sha512-cYQ9310grqxueWbl+WuIUIaiUaDcj7WOq5fVhEljNVgRfOUhY9fy2zTvfoqWsnebh8Sl70VScFbICvJnLKB0Og==}

  '@jridgewell/trace-mapping@0.3.31':
    resolution: {integrity: sha512-zzNR+SdQSDJzc8joaeP8QQoCQr8NuYx2dIIytl1QeBEZHJ9uW6hebsrYgbz8hJwUQao3TWCMtmfV8Nu1twOLAw==}

  '@lucide/svelte@1.21.0':
    resolution: {integrity: sha512-MEv//A7Jv3kHukZowv/DWp1MAtUzJKYwtJsmnQ7X98lCgtac3z3NbaToDl3Q6jO3gS9sougFpcD+t+YuxOkRMw==}
    peerDependencies:
      svelte: ^5

  '@napi-rs/wasm-runtime@1.1.5':
    resolution: {integrity: sha512-AWPoBRJ9tsnVhor4sjO7rkni+7p+2IAEFj6cx06UgP10jkQHqay/36uRV/bFkgrh18D9vb4cr8Q0Pthskgzy+Q==}
    peerDependencies:
      '@emnapi/core': ^1.7.1
      '@emnapi/runtime': ^1.7.1

  '@oxc-project/types@0.137.0':
    resolution: {integrity: sha512-WT+Gb24i8hmvo85AIv2oEYouEXkRlKAlT9WaCa3TfLgNCN+GhrJOGZuIlMouAh38Qe4QOx26eUOVsq70qXrywA==}

  '@polka/url@1.0.0-next.29':
    resolution: {integrity: sha512-wwQAWhWSuHaag8c4q/KN/vCoeOJYshAIvMQwD4GpSb3OiZklFfvAgmj0VCBBImRpuF/aFgIRzllXlVX93Jevww==}

  '@rolldown/binding-android-arm64@1.1.2':
    resolution: {integrity: sha512-2cZ+7xRS+DBcuJBJKnfzsbleumJhBqSlJVpuzHC0nTqfd3QQ7Vx2/x5YR/D7cBamKSeWplwo82Fn9lqYUDEMfA==}
    engines: {node: ^20.19.0 || >=22.12.0}
    cpu: [arm64]
    os: [android]

  '@rolldown/binding-darwin-arm64@1.1.2':
    resolution: {integrity: sha512-RkPMJnygxsgOYdkfqgpwY0/Fzm8d0VQe6HGU2/B00Xa9eqdLbrII+DOKAodbJAn3ZL1AJxGHkZRPYazgGY6Ljw==}
    engines: {node: ^20.19.0 || >=22.12.0}
    cpu: [arm64]
    os: [darwin]

  '@rolldown/binding-darwin-x64@1.1.2':
    resolution: {integrity: sha512-Uiczh6vFhwyfd7WNe7Q7mCA4KxAiLdz7jPE/WGizfRpIieoyFuNVMmM8HqZ9HwudTkY6/AeMQwlNJ9NJijguWw==}
    engines: {node: ^20.19.0 || >=22.12.0}
    cpu: [x64]
    os: [darwin]

  '@rolldown/binding-freebsd-x64@1.1.2':
    resolution: {integrity: sha512-+TpdtTRgHiJFjCVFbw311SuLk3KfytPOQQn+VlAEv+gBxYPtL7E6JS9e/tk+8CwxhIZvemJKo4rTKgfWNsKkkA==}
    engines: {node: ^20.19.0 || >=22.12.0}
    cpu: [x64]
    os: [freebsd]

  '@rolldown/binding-linux-arm-gnueabihf@1.1.2':
    resolution: {integrity: sha512-4lv1/tkmi7ueIVHnyreaOeUpiZP26BH9rRy6hoYfR9310A2B9nUEVRDvBx69vx64Nr3eTPPRkyciqJJs+j9Jmw==}
    engines: {node: ^20.19.0 || >=22.12.0}
    cpu: [arm]
    os: [linux]

  '@rolldown/binding-linux-arm64-gnu@1.1.2':
    resolution: {integrity: sha512-gBSUVO0eaWgw1JMjK3gB8BMlX2Mk148s2lTiVT3e9vjVxbl7UDfMWWY8CfIaaqiXuM9fVTMxIpUz6CAo/B6Vlw==}
    engines: {node: ^20.19.0 || >=22.12.0}
    cpu: [arm64]
    os: [linux]
    libc: [glibc]

  '@rolldown/binding-linux-arm64-musl@1.1.2':
    resolution: {integrity: sha512-LjQP/iZLBu8o8PjIfk4x3At0/mT6h282pvz8Z5LAyhGbu/kDezyO7ea62rF5uoqmgnIYqbN/MqJ3Si3Aymi7xQ==}
    engines: {node: ^20.19.0 || >=22.12.0}
    cpu: [arm64]
    os: [linux]
    libc: [musl]

  '@rolldown/binding-linux-ppc64-gnu@1.1.2':
    resolution: {integrity: sha512-X/7bVLWelEsbyWDUSXt7zVsTniLLPIY2n1rH58qr78l9i7MNbbxBWD8gI2vRfBWf4NUXJCUuQnfZDsp32LqsfQ==}
    engines: {node: ^20.19.0 || >=22.12.0}
    cpu: [ppc64]
    os: [linux]
    libc: [glibc]

  '@rolldown/binding-linux-s390x-gnu@1.1.2':
    resolution: {integrity: sha512-gb6dYKW/1KDorGXyy48glEBJs/sxVSC5pcVrox/pFGV4mvwSFeg2sK5L2tRkVsVlh7kueqOgg4GEcuipJcGuKg==}
    engines: {node: ^20.19.0 || >=22.12.0}
    cpu: [s390x]
    os: [linux]
    libc: [glibc]

  '@rolldown/binding-linux-x64-gnu@1.1.2':
    resolution: {integrity: sha512-JY4w85pU3iAiJVMh5nuk4/Mh9GjMsupe8MrIN53rwxAZW64GKrWeJBuN6SxQg9QTU5uB1cxyhDzW8jqRn1EABw==}
    engines: {node: ^20.19.0 || >=22.12.0}
    cpu: [x64]
    os: [linux]
    libc: [glibc]

  '@rolldown/binding-linux-x64-musl@1.1.2':
    resolution: {integrity: sha512-xvpA7o5KCYLB0Rwscmuylb1/zHHSUx4g4xilm4prC5jP76pEUlzBmMbgpbh7bVDbId4NcfT96gN5i6mE6UDaiw==}
    engines: {node: ^20.19.0 || >=22.12.0}
    cpu: [x64]
    os: [linux]
    libc: [musl]

  '@rolldown/binding-openharmony-arm64@1.1.2':
    resolution: {integrity: sha512-p/ts6KBLjuk49Bp21XH77poQGt02iNz7ChgHep7tudPOaLinR/De/RHdxF8w8Yj4r/bF/bqXwH6PZrB2sA+Nvw==}
    engines: {node: ^20.19.0 || >=22.12.0}
    cpu: [arm64]
    os: [openharmony]

  '@rolldown/binding-wasm32-wasi@1.1.2':
    resolution: {integrity: sha512-VMu/wmrZ9hJzYlRhbw7jK5PODlugyKZ5mOdX78+lS8OvuFkWNQdz1pFLrI2p3P0pjXOmUZ7B48o5VnMH9QOGtg==}
    engines: {node: ^20.19.0 || >=22.12.0}
    cpu: [wasm32]

  '@rolldown/binding-win32-arm64-msvc@1.1.2':
    resolution: {integrity: sha512-xtUJqs8qEkuSviS0n1tsohaPuz3a1SPhZywOji4Oo+sgrJs8daEDMZ0QtqL0OS7dx8PoVpg2J/ZZycPY5I2+Zg==}
    engines: {node: ^20.19.0 || >=22.12.0}
    cpu: [arm64]
    os: [win32]

  '@rolldown/binding-win32-x64-msvc@1.1.2':
    resolution: {integrity: sha512-85YiLQqjUKgSO/Zjnf9e0XIn5Ymrh1fLDWBeAkZqpuBR/3R8TpfoHXuyblqyQrftSSgWO9qpcHN8mkyKsLraoA==}
    engines: {node: ^20.19.0 || >=22.12.0}
    cpu: [x64]
    os: [win32]

  '@rolldown/pluginutils@1.0.1':
    resolution: {integrity: sha512-2j9bGt5Jh8hj+vPtgzPtl72j0yRxHAyumoo6TNfAjsLB04UtpSvPbPcDcBMxz7n+9CYB0c1GxQFxYRg2jimqGw==}

  '@standard-schema/spec@1.1.0':
    resolution: {integrity: sha512-l2aFy5jALhniG5HgqrD6jXLi/rUWrKvqN/qJx6yoJsgKhblVd+iqqU4RCXavm/jPityDo5TCvKMnpjKnOriy0w==}

  '@sveltejs/acorn-typescript@1.0.10':
    resolution: {integrity: sha512-4WfKk68eTih+MiJD4fSbxN7E8kVBmTMPWHUPYjvl2N0rMs53YLTT8/YjKU5Dtnz5LqDjl7LEw4U7lXR2W3J5WA==}
    peerDependencies:
      acorn: ^8.9.0

  '@sveltejs/adapter-auto@7.0.1':
    resolution: {integrity: sha512-dvuPm1E7M9NI/+canIQ6KKQDU2AkEefEZ2Dp7cY6uKoPq9Z/PhOXABe526UdW2mN986gjVkuSLkOYIBnS/M2LQ==}
    peerDependencies:
      '@sveltejs/kit': ^2.0.0

  '@sveltejs/kit@2.67.0':
    resolution: {integrity: sha512-JXHbsDwRes1Wgyof3q5ApzzpbCWvinKXMQCiV67TFO6xlZPYLoK0fq3xQMqSicDMgCtFGqLkrQXkseOcASdZ8A==}
    engines: {node: '>=18.13'}
    hasBin: true
    peerDependencies:
      '@opentelemetry/api': ^1.0.0
      '@sveltejs/vite-plugin-svelte': ^3.0.0 || ^4.0.0-next.1 || ^5.0.0 || ^6.0.0-next.0 || ^7.0.0
      svelte: ^4.0.0 || ^5.0.0-next.0
      typescript: ^5.3.3 || ^6.0.0
      vite: ^5.0.3 || ^6.0.0 || ^7.0.0-beta.0 || ^8.0.0
    peerDependenciesMeta:
      '@opentelemetry/api':
        optional: true
      typescript:
        optional: true

  '@sveltejs/load-config@0.2.0':
    resolution: {integrity: sha512-1LgZ/qUqSoq+QorD83lk2hka79Px0wXNW2q5V1nZlxGhQgw1jrsIbVz5YiCeucVLo4XvFLjXukUaQjIiqowkcg==}
    engines: {node: '>= 18.0.0'}

  '@sveltejs/vite-plugin-svelte@7.1.2':
    resolution: {integrity: sha512-DrUBA2UXRfDmUX/ZTiEopd3X40yavsJF1FX2RygcuIScHL7o5YX1fMvoYnDhjeJQC4weCOklirpNWlcb2NiSeA==}
    engines: {node: ^20.19 || ^22.12 || >=24}
    peerDependencies:
      svelte: ^5.46.4
      vite: ^8.0.0-beta.7 || ^8.0.0

  '@swc/helpers@0.5.23':
    resolution: {integrity: sha512-5lSsMOTXURePglDfvuAQUqkGek9Hg2kksOYay2m0+XR++b2NWYL/4sWyuvVBIs8oKnJaxkdi9whaL/sqN13afw==}

  '@tailwindcss/node@4.3.1':
    resolution: {integrity: sha512-6NDaqRoAMSXD1mr/RXu0HBvNE9a2n5tHPsxu9XHLws8o4Twes5rBM2205SUUiJ9goAtadrN6xTGX0UDEwp/N4A==}

  '@tailwindcss/oxide-android-arm64@4.3.1':
    resolution: {integrity: sha512-SVlyf61g374l5cHyg8x9kf5xmLcOaxvOTsbsqDnSsDJaKOEFZ7GCvi84VAVGpxojYOs1+3K6M0UjXfqPU8vmOQ==}
    engines: {node: '>= 20'}
    cpu: [arm64]
    os: [android]

  '@tailwindcss/oxide-darwin-arm64@4.3.1':
    resolution: {integrity: sha512-hVnWLwv+e/l7c4WKyVtHVrIPvYdqWHjRB3MDIqARynzFtnQg85kmQEFCbV9Ja0VVx4xXTIiDWY60Y7iz/iNoDA==}
    engines: {node: '>= 20'}
    cpu: [arm64]
    os: [darwin]

  '@tailwindcss/oxide-darwin-x64@4.3.1':
    resolution: {integrity: sha512-Cf7abu0WVgbhU7ANgPUnSAvm7nCvMweusHb8FnaHlLfv/Caq4GYaEZg7ZImzzmjx4lIAfuS8q+eLIS7A7IzxIg==}
    engines: {node: '>= 20'}
    cpu: [x64]
    os: [darwin]

  '@tailwindcss/oxide-freebsd-x64@4.3.1':
    resolution: {integrity: sha512-ZZqzX2Y+GXtXXfqSfpJhDm60OoZfvLHLCgm+J7NVqgHHJjG/m9ugZI77RwTsVd4fnBJuCFP6Ae6kTJb71UdS8g==}
    engines: {node: '>= 20'}
    cpu: [x64]
    os: [freebsd]

  '@tailwindcss/oxide-linux-arm-gnueabihf@4.3.1':
    resolution: {integrity: sha512-/Ah/xik0LaMYfv9DZ0S/t4pBlBNYOcqtRwusjgovHkvT8ixueWCLyJjsaF5kQIckjb4IT8Q6K6p/iPmZMixYgg==}
    engines: {node: '>= 20'}
    cpu: [arm]
    os: [linux]

  '@tailwindcss/oxide-linux-arm64-gnu@4.3.1':
    resolution: {integrity: sha512-gqdFoVJlw444GvpnheZLHmvTzSxI/cOUUh2KSNejQjTcYkW062SVD+En0rUgD+QV91bz1XGIGtt1HJd48xUGbQ==}
    engines: {node: '>= 20'}
    cpu: [arm64]
    os: [linux]
    libc: [glibc]

  '@tailwindcss/oxide-linux-arm64-musl@4.3.1':
    resolution: {integrity: sha512-Bwv9KwOvE0VKa86xPFif9b9c3Y1NxOV1P0gLti/IYaWEsQYZXDlxfGEtA8mdDZ7SG3wyNXAWYT5SIn3giL57oA==}
    engines: {node: '>= 20'}
    cpu: [arm64]
    os: [linux]
    libc: [musl]

  '@tailwindcss/oxide-linux-x64-gnu@4.3.1':
    resolution: {integrity: sha512-Ymi8O8T15HYQdOUWUtTI6ldN0neHP85FC+Qz32xTcZ7iJXtem/x8ITev0o1e9e5rkqj4lONZfTRLvkmin1+tKg==}
    engines: {node: '>= 20'}
    cpu: [x64]
    os: [linux]
    libc: [glibc]

  '@tailwindcss/oxide-linux-x64-musl@4.3.1':
    resolution: {integrity: sha512-M+P/91qJ6uILLw4k2G93GMDRAXj61SMvFQYt39AqvUqYgExXpLL5aepfns7sj4HiAQeolirQF9E0lzRvdf4zPQ==}
    engines: {node: '>= 20'}
    cpu: [x64]
    os: [linux]
    libc: [musl]

  '@tailwindcss/oxide-wasm32-wasi@4.3.1':
    resolution: {integrity: sha512-zsM8uOeqvVGHsAXsJxsT28ttosFahLJKCLOTUBqRAtKnVgGSRitds9T432QiT8b77Yga7JIBkulIRRlJPtYhRA==}
    engines: {node: '>=14.0.0'}
    cpu: [wasm32]
    bundledDependencies:
      - '@napi-rs/wasm-runtime'
      - '@emnapi/core'
      - '@emnapi/runtime'
      - '@tybys/wasm-util'
      - '@emnapi/wasi-threads'
      - tslib

  '@tailwindcss/oxide-win32-arm64-msvc@4.3.1':
    resolution: {integrity: sha512-aiNvSq9BsVk8V513lDKlrCFAgf8qBMPZTpgEhInL+NwQqs97mYmupVMrPrgBBSL8Pv/0zXu9MrMF9rMun1ZeNg==}
    engines: {node: '>= 20'}
    cpu: [arm64]
    os: [win32]

  '@tailwindcss/oxide-win32-x64-msvc@4.3.1':
    resolution: {integrity: sha512-xDEyu1rg290472FEGaKHnzyDyh5QH+AlWvsU5hMoMtPpzmKlRI0jaYKCgSHDYtaQWZOYbMaduSyCwFwY4n1HmA==}
    engines: {node: '>= 20'}
    cpu: [x64]
    os: [win32]

  '@tailwindcss/oxide@4.3.1':
    resolution: {integrity: sha512-yVPyo8RNkabVr3O2EhHEE0Rewu7YKzc1DhIqfL46LKveFrmu9XbDazNOJY7/GRuvw1h6u3utWnR29H/p5JPlgA==}
    engines: {node: '>= 20'}

  '@tailwindcss/vite@4.3.1':
    resolution: {integrity: sha512-hItDHuIIlEV61R+faXu66s1K36aTurO/Qw0e45Vskz57gXl9pWOT6eg3zmcEui6CZXddbN7zd41bwmvag4JGwQ==}
    peerDependencies:
      vite: ^5.2.0 || ^6 || ^7 || ^8

  '@tybys/wasm-util@0.10.2':
    resolution: {integrity: sha512-RoBvJ2X0wuKlWFIjrwffGw1IqZHKQqzIchKaadZZfnNpsAYp2mM0h36JtPCjNDAHGgYez/15uMBpfGwchhiMgg==}

  '@types/cookie@0.6.0':
    resolution: {integrity: sha512-4Kh9a6B2bQciAhf7FSuMRRkUWecJgJu9nPnx3yzpsfXX/c50REIqpHY4C82bXP90qrLtXtkDxTZosYO3UpOwlA==}

  '@types/estree@1.0.9':
    resolution: {integrity: sha512-GhdPgy1el4/ImP05X05Uw4cw2/M93BCUmnEvWZNStlCzEKME4Fkk+YpoA5OiHNQmoS7Cafb8Xa3Pya8m1Qrzeg==}

  '@types/node@26.0.0':
    resolution: {integrity: sha512-vf2YFi1iY9lHGwNJMs01biZFbKJkrZR1T6/MlzjhJLPdntOHLhTrDSnSVcdtvjihi4VQNlrFRIxLsDBlQpAipA==}

  '@types/trusted-types@2.0.7':
    resolution: {integrity: sha512-ScaPdn1dQczgbl0QFTeTOmVHFULt394XJgOQNoyVhZ6r2vLnMLJfBPd53SB52T/3G36VI1/g2MZaX0cwDuXsfw==}

  acorn@8.17.0:
    resolution: {integrity: sha512-xRQbDb9BnwDafYNn6Vwl839DYVjqXYb1XVGtWAZ1kcDc6iwAL4hg3B1dZlRiuENFeO2H53gFG3in621AdERVAg==}
    engines: {node: '>=0.4.0'}
    hasBin: true

  aria-query@5.3.1:
    resolution: {integrity: sha512-Z/ZeOgVl7bcSYZ/u/rh0fOpvEpq//LZmdbkXyc7syVzjPAhfOa9ebsdTSjEBDU4vs5nC98Kfduj1uFo0qyET3g==}
    engines: {node: '>= 0.4'}

  axobject-query@4.1.0:
    resolution: {integrity: sha512-qIj0G9wZbMGNLjLmg1PT6v2mE9AH2zlnADJD/2tC6E00hgmhUOfEB6greHPAfLRSufHqROIUTkw6E+M3lH0PTQ==}
    engines: {node: '>= 0.4'}

  bits-ui@2.18.1:
    resolution: {integrity: sha512-KkemzKFH4T3gt3H+P86JcnAWExjByv/6vlwjm/BoCwTPHu03yiCdxbghdJLvFReQTe0acCAiRcKfmixxD6XvlA==}
    engines: {node: '>=20'}
    peerDependencies:
      '@internationalized/date': ^3.8.1
      svelte: ^5.33.0

  chokidar@4.0.3:
    resolution: {integrity: sha512-Qgzu8kfBvo+cA4962jnP1KkS6Dop5NS6g7R5LFYJr4b8Ub94PPQXUksCw9PvXoeXPRRddRNC5C1JQUR2SMGtnA==}
    engines: {node: '>= 14.16.0'}

  clsx@2.1.1:
    resolution: {integrity: sha512-eYm0QWBtUrBWZWG0d386OGAw16Z995PiOVo2B7bjWSbHedGl5e0ZWaq65kOGgUSNesEIDkB9ISbTg/JK9dhCZA==}
    engines: {node: '>=6'}

  commander@14.0.3:
    resolution: {integrity: sha512-H+y0Jo/T1RZ9qPP4Eh1pkcQcLRglraJaSLoyOtHxu6AapkjWVCy2Sit1QQ4x3Dng8qDlSsZEet7g5Pq06MvTgw==}
    engines: {node: '>=20'}

  cookie@0.6.0:
    resolution: {integrity: sha512-U71cyTamuh1CRNCfpGY6to28lxvNwPG4Guz/EVjgf3Jmzv0vlDp1atT9eS5dDjMYHucpHbWns6Lwf3BKz6svdw==}
    engines: {node: '>= 0.6'}

  deepmerge@4.3.1:
    resolution: {integrity: sha512-3sUqbMEc77XqpdNO7FRyRog+eW3ph+GYCbj+rK+uYyRMuwsVy0rMiVtPn+QJlKFvWP/1PYpapqYn0Me2knFn+A==}
    engines: {node: '>=0.10.0'}

  dequal@2.0.3:
    resolution: {integrity: sha512-0je+qPKHEMohvfRTCEo3CrPG6cAzAYgmzKyxRiYSSDkS6eGJdyVJm7WaYA5ECaAD9wLB2T4EEeymA5aFVcYXCA==}
    engines: {node: '>=6'}

  detect-libc@2.1.2:
    resolution: {integrity: sha512-Btj2BOOO83o3WyH59e8MgXsxEQVcarkUOpEYrubB0urwnN10yQ364rsiByU11nZlqWYZm05i/of7io4mzihBtQ==}
    engines: {node: '>=8'}

  devalue@5.8.1:
    resolution: {integrity: sha512-4CXDYRBGqN+57wVJkuXBYmpAVUSg3L6JAQa/DFqm238G73E1wuyc/JhGQJzN7vUf/CMphYau2zXbfWzDR5aTEw==}

  enhanced-resolve@5.21.6:
    resolution: {integrity: sha512-aNnGCvbJ/RIyWo1IuhNdVjnNF+EjH9wpzpNHt+ci/m9He9LJvUN8wrCcXjp9cWsGNAuvSpVFTx/vraAFQ8qGjQ==}
    engines: {node: '>=10.13.0'}

  esm-env@1.2.2:
    resolution: {integrity: sha512-Epxrv+Nr/CaL4ZcFGPJIYLWFom+YeV1DqMLHJoEd9SYRxNbaFruBwfEX/kkHUJf55j2+TUbmDcmuilbP1TmXHA==}

  esrap@2.2.12:
    resolution: {integrity: sha512-On0QbLyaiAkVC4eXtgnXK9Kh2opit+3rcUSOc45DqJ2s/X2eXAHsGOKRSJ6IDagQEW5vPyivANfXUiqgXC67Rw==}
    peerDependencies:
      '@typescript-eslint/types': ^8.2.0
    peerDependenciesMeta:
      '@typescript-eslint/types':
        optional: true

  fdir@6.5.0:
    resolution: {integrity: sha512-tIbYtZbucOs0BRGqPJkshJUYdL+SDH7dVM8gjy+ERp3WAUjLEFJE+02kanyHtwjWOnwrKYBiwAmM0p4kLJAnXg==}
    engines: {node: '>=12.0.0'}
    peerDependencies:
      picomatch: ^3 || ^4
    peerDependenciesMeta:
      picomatch:
        optional: true

  fsevents@2.3.3:
    resolution: {integrity: sha512-5xoDfX+fL7faATnagmWPpbFtwh/R77WmMMqqHGS65C3vvB0YHrgF+B1YmZ3441tMj5n63k0212XNoJwzlhffQw==}
    engines: {node: ^8.16.0 || ^10.6.0 || >=11.0.0}
    os: [darwin]

  graceful-fs@4.2.11:
    resolution: {integrity: sha512-RbJ5/jmFcNNCcDV5o9eTnBLJ/HszWV0P73bc+Ff4nS/rJj+YaS6IGyiOL0VoBYX+l1Wrl3k63h/KrH+nhJ0XvQ==}

  inline-style-parser@0.2.7:
    resolution: {integrity: sha512-Nb2ctOyNR8DqQoR0OwRG95uNWIC0C1lCgf5Naz5H6Ji72KZ8OcFZLz2P5sNgwlyoJ8Yif11oMuYs5pBQa86csA==}

  is-reference@3.0.3:
    resolution: {integrity: sha512-ixkJoqQvAP88E6wLydLGGqCJsrFUnqoH6HnaczB8XmDH1oaWU+xxdptvikTgaEhtZ53Ky6YXiBuUI2WXLMCwjw==}

  jiti@2.7.0:
    resolution: {integrity: sha512-AC/7JofJvZGrrneWNaEnJeOLUx+JlGt7tNa0wZiRPT4MY1wmfKjt2+6O2p2uz2+skll8OZZmJMNqeke7kKbNgQ==}
    hasBin: true

  kleur@4.1.5:
    resolution: {integrity: sha512-o+NO+8WrRiQEE4/7nwRJhN1HWpVmJm511pBHUxPLtp0BUISzlBplORYSmTclCnJvQq2tKu/sgl3xVpkc7ZWuQQ==}
    engines: {node: '>=6'}

  lightningcss-android-arm64@1.32.0:
    resolution: {integrity: sha512-YK7/ClTt4kAK0vo6w3X+Pnm0D2cf2vPHbhOXdoNti1Ga0al1P4TBZhwjATvjNwLEBCnKvjJc2jQgHXH0NEwlAg==}
    engines: {node: '>= 12.0.0'}
    cpu: [arm64]
    os: [android]

  lightningcss-darwin-arm64@1.32.0:
    resolution: {integrity: sha512-RzeG9Ju5bag2Bv1/lwlVJvBE3q6TtXskdZLLCyfg5pt+HLz9BqlICO7LZM7VHNTTn/5PRhHFBSjk5lc4cmscPQ==}
    engines: {node: '>= 12.0.0'}
    cpu: [arm64]
    os: [darwin]

  lightningcss-darwin-x64@1.32.0:
    resolution: {integrity: sha512-U+QsBp2m/s2wqpUYT/6wnlagdZbtZdndSmut/NJqlCcMLTWp5muCrID+K5UJ6jqD2BFshejCYXniPDbNh73V8w==}
    engines: {node: '>= 12.0.0'}
    cpu: [x64]
    os: [darwin]

  lightningcss-freebsd-x64@1.32.0:
    resolution: {integrity: sha512-JCTigedEksZk3tHTTthnMdVfGf61Fky8Ji2E4YjUTEQX14xiy/lTzXnu1vwiZe3bYe0q+SpsSH/CTeDXK6WHig==}
    engines: {node: '>= 12.0.0'}
    cpu: [x64]
    os: [freebsd]

  lightningcss-linux-arm-gnueabihf@1.32.0:
    resolution: {integrity: sha512-x6rnnpRa2GL0zQOkt6rts3YDPzduLpWvwAF6EMhXFVZXD4tPrBkEFqzGowzCsIWsPjqSK+tyNEODUBXeeVHSkw==}
    engines: {node: '>= 12.0.0'}
    cpu: [arm]
    os: [linux]

  lightningcss-linux-arm64-gnu@1.32.0:
    resolution: {integrity: sha512-0nnMyoyOLRJXfbMOilaSRcLH3Jw5z9HDNGfT/gwCPgaDjnx0i8w7vBzFLFR1f6CMLKF8gVbebmkUN3fa/kQJpQ==}
    engines: {node: '>= 12.0.0'}
    cpu: [arm64]
    os: [linux]
    libc: [glibc]

  lightningcss-linux-arm64-musl@1.32.0:
    resolution: {integrity: sha512-UpQkoenr4UJEzgVIYpI80lDFvRmPVg6oqboNHfoH4CQIfNA+HOrZ7Mo7KZP02dC6LjghPQJeBsvXhJod/wnIBg==}
    engines: {node: '>= 12.0.0'}
    cpu: [arm64]
    os: [linux]
    libc: [musl]

  lightningcss-linux-x64-gnu@1.32.0:
    resolution: {integrity: sha512-V7Qr52IhZmdKPVr+Vtw8o+WLsQJYCTd8loIfpDaMRWGUZfBOYEJeyJIkqGIDMZPwPx24pUMfwSxxI8phr/MbOA==}
    engines: {node: '>= 12.0.0'}
    cpu: [x64]
    os: [linux]
    libc: [glibc]

  lightningcss-linux-x64-musl@1.32.0:
    resolution: {integrity: sha512-bYcLp+Vb0awsiXg/80uCRezCYHNg1/l3mt0gzHnWV9XP1W5sKa5/TCdGWaR/zBM2PeF/HbsQv/j2URNOiVuxWg==}
    engines: {node: '>= 12.0.0'}
    cpu: [x64]
    os: [linux]
    libc: [musl]

  lightningcss-win32-arm64-msvc@1.32.0:
    resolution: {integrity: sha512-8SbC8BR40pS6baCM8sbtYDSwEVQd4JlFTOlaD3gWGHfThTcABnNDBda6eTZeqbofalIJhFx0qKzgHJmcPTnGdw==}
    engines: {node: '>= 12.0.0'}
    cpu: [arm64]
    os: [win32]

  lightningcss-win32-x64-msvc@1.32.0:
    resolution: {integrity: sha512-Amq9B/SoZYdDi1kFrojnoqPLxYhQ4Wo5XiL8EVJrVsB8ARoC1PWW6VGtT0WKCemjy8aC+louJnjS7U18x3b06Q==}
    engines: {node: '>= 12.0.0'}
    cpu: [x64]
    os: [win32]

  lightningcss@1.32.0:
    resolution: {integrity: sha512-NXYBzinNrblfraPGyrbPoD19C1h9lfI/1mzgWYvXUTe414Gz/X1FD2XBZSZM7rRTrMA8JL3OtAaGifrIKhQ5yQ==}
    engines: {node: '>= 12.0.0'}

  locate-character@3.0.0:
    resolution: {integrity: sha512-SW13ws7BjaeJ6p7Q6CO2nchbYEc3X3J6WrmTTDto7yMPqVSZTUyY5Tjbid+Ab8gLnATtygYtiDIJGQRRn2ZOiA==}

  lz-string@1.5.0:
    resolution: {integrity: sha512-h5bgJWpxJNswbU7qCrV0tIKQCaS3blPDrqKWx+QxzuzL1zGUzij9XCWLrSLsJPu5t+eWA/ycetzYAO5IOMcWAQ==}
    hasBin: true

  magic-string@0.30.21:
    resolution: {integrity: sha512-vd2F4YUyEXKGcLHoq+TEyCjxueSeHnFxyyjNp80yg0XV4vUhnDer/lvvlqM/arB5bXQN5K2/3oinyCRyx8T2CQ==}

  mode-watcher@1.1.0:
    resolution: {integrity: sha512-mUT9RRGPDYenk59qJauN1rhsIMKBmWA3xMF+uRwE8MW/tjhaDSCCARqkSuDTq8vr4/2KcAxIGVjACxTjdk5C3g==}
    peerDependencies:
      svelte: ^5.27.0

  mri@1.2.0:
    resolution: {integrity: sha512-tzzskb3bG8LvYGFF/mDTpq3jpI6Q9wc3LEmBaghu+DdCssd1FakN7Bc0hVNmEyGq1bq3RgfkCb3cmQLpNPOroA==}
    engines: {node: '>=4'}

  mrmime@2.0.1:
    resolution: {integrity: sha512-Y3wQdFg2Va6etvQ5I82yUhGdsKrcYox6p7FfL1LbK2J4V01F9TGlepTIhnK24t7koZibmg82KGglhA1XK5IsLQ==}
    engines: {node: '>=10'}

  nanoid@3.3.15:
    resolution: {integrity: sha512-y7Wygv/7mEOvxTuEQDB8StXdMRBWf1kR/tlhAzBRUFkB2jfcLOAxO/SHmOO2zgz1pVgK29/kyupn059/bCHdjA==}
    engines: {node: ^10 || ^12 || ^13.7 || ^14 || >=15.0.1}
    hasBin: true

  node-fetch-native@1.6.7:
    resolution: {integrity: sha512-g9yhqoedzIUm0nTnTqAQvueMPVOuIY16bqgAJJC8XOOubYFNwz6IER9qs0Gq2Xd0+CecCKFjtdDTMA4u4xG06Q==}

  obug@2.1.3:
    resolution: {integrity: sha512-9miFgM2OFba7hB+pRgvtV84pYTBaoTHohvmIgiRt6dRIzbwEOIaNaP+dIlGs2fNFoB0SeISs0Jz5WFVRid6Xyg==}
    engines: {node: '>=12.20.0'}

  picocolors@1.1.1:
    resolution: {integrity: sha512-xceH2snhtb5M9liqDsmEw56le376mTZkEX/jEb/RxNFyegNul7eNslCXP9FDj/Lcu0X8KEyMceP2ntpaHrDEVA==}

  picomatch@4.0.4:
    resolution: {integrity: sha512-QP88BAKvMam/3NxH6vj2o21R6MjxZUAd6nlwAS/pnGvN9IVLocLHxGYIzFhg6fUQ+5th6P4dv4eW9jX3DSIj7A==}
    engines: {node: '>=12'}

  postcss@8.5.15:
    resolution: {integrity: sha512-FfR8sjd4em2T6fb3I2MwAJU7HWVMr9zba+enmQeeWFfCbm+UOC/0X4DS8XtpUTMwWMGbjKYP7xjfNekzyGmB3A==}
    engines: {node: ^10 || ^12 || >=14}

  readdirp@4.1.2:
    resolution: {integrity: sha512-GDhwkLfywWL2s6vEjyhri+eXmfH6j1L7JE27WhqLeYzoh/A3DBaYGEj2H/HFZCn/kMfim73FXxEJTw06WtxQwg==}
    engines: {node: '>= 14.18.0'}

  rolldown@1.1.2:
    resolution: {integrity: sha512-x0CrQQqCXWGeI8dTvFfN/Dnv3yMKT9hv5jFjlOreKAx9wqLq9wz7VvLLHyaAXC90/CpggTu9SisSbsJJTPSjNQ==}
    engines: {node: ^20.19.0 || >=22.12.0}
    hasBin: true

  runed@0.23.4:
    resolution: {integrity: sha512-9q8oUiBYeXIDLWNK5DfCWlkL0EW3oGbk845VdKlPeia28l751VpfesaB/+7pI6rnbx1I6rqoZ2fZxptOJLxILA==}
    peerDependencies:
      svelte: ^5.7.0

  runed@0.25.0:
    resolution: {integrity: sha512-7+ma4AG9FT2sWQEA0Egf6mb7PBT2vHyuHail1ie8ropfSjvZGtEAx8YTmUjv/APCsdRRxEVvArNjALk9zFSOrg==}
    peerDependencies:
      svelte: ^5.7.0

  runed@0.28.0:
    resolution: {integrity: sha512-k2xx7RuO9hWcdd9f+8JoBeqWtYrm5CALfgpkg2YDB80ds/QE4w0qqu34A7fqiAwiBBSBQOid7TLxwxVC27ymWQ==}
    peerDependencies:
      svelte: ^5.7.0

  runed@0.35.1:
    resolution: {integrity: sha512-2F4Q/FZzbeJTFdIS/PuOoPRSm92sA2LhzTnv6FXhCoENb3huf5+fDuNOg1LNvGOouy3u/225qxmuJvcV3IZK5Q==}
    peerDependencies:
      '@sveltejs/kit': ^2.21.0
      svelte: ^5.7.0
    peerDependenciesMeta:
      '@sveltejs/kit':
        optional: true

  sade@1.8.1:
    resolution: {integrity: sha512-xal3CZX1Xlo/k4ApwCFrHVACi9fBqJ7V+mwhBsuf/1IOKbBy098Fex+Wa/5QMubw09pSZ/u8EY8PWgevJsXp1A==}
    engines: {node: '>=6'}

  set-cookie-parser@3.1.0:
    resolution: {integrity: sha512-kjnC1DXBHcxaOaOXBHBeRtltsDG2nUiUni+jP92M9gYdW12rsmx92UsfpH7o5tDRs7I1ZZPSQJQGv3UaRfCiuw==}

  shadcn-svelte@1.3.0:
    resolution: {integrity: sha512-Pd4ICWTkTks/b2YU4c9vF2XsX1x5HFPRl5bKszS1LcnWS83x+7T4WiIvbWz8Qh9knkcGZ+SCz1+Dmhdq+AYooA==}
    hasBin: true
    peerDependencies:
      svelte: ^5.0.0

  sirv@3.0.2:
    resolution: {integrity: sha512-2wcC/oGxHis/BoHkkPwldgiPSYcpZK3JU28WoMVv55yHJgcZ8rlXvuG9iZggz+sU1d4bRgIGASwyWqjxu3FM0g==}
    engines: {node: '>=18'}

  source-map-js@1.2.1:
    resolution: {integrity: sha512-UXWMKhLOwVKb728IUtQPXxfYU+usdybtUrK/8uGE8CQMvrhOpwvzDBwj0QhSL7MQc7vIsISBG8VQ8+IDQxpfQA==}
    engines: {node: '>=0.10.0'}

  style-to-object@1.0.14:
    resolution: {integrity: sha512-LIN7rULI0jBscWQYaSswptyderlarFkjQ+t79nzty8tcIAceVomEVlLzH5VP4Cmsv6MtKhs7qaAiwlcp+Mgaxw==}

  svelte-check@4.7.0:
    resolution: {integrity: sha512-XChCqdDg29UWOWai2I1s2Ss003piZ9mae2y2KXwoOX01W75mg7/fwLLnx9Yruk9asHkxHPDdSfEfsJh5tr9JvQ==}
    engines: {node: '>= 18.0.0'}
    hasBin: true
    peerDependencies:
      svelte: ^4.0.0 || ^5.0.0-next.0
      typescript: '>=5.0.0'

  svelte-sonner@1.1.1:
    resolution: {integrity: sha512-5cd3p7wa4cq0NsqslMwdlPb7x1JglEZ/GKrLePWNr5bCxR1nagAVrY01FRFrXfUGs41miLt3C327+8XJo5BzZw==}
    peerDependencies:
      svelte: ^5.0.0

  svelte-toolbelt@0.10.6:
    resolution: {integrity: sha512-YWuX+RE+CnWYx09yseAe4ZVMM7e7GRFZM6OYWpBKOb++s+SQ8RBIMMe+Bs/CznBMc0QPLjr+vDBxTAkozXsFXQ==}
    engines: {node: '>=18', pnpm: '>=8.7.0'}
    peerDependencies:
      svelte: ^5.30.2

  svelte-toolbelt@0.7.1:
    resolution: {integrity: sha512-HcBOcR17Vx9bjaOceUvxkY3nGmbBmCBBbuWLLEWO6jtmWH8f/QoWmbyUfQZrpDINH39en1b8mptfPQT9VKQ1xQ==}
    engines: {node: '>=18', pnpm: '>=8.7.0'}
    peerDependencies:
      svelte: ^5.0.0

  svelte@5.56.4:
    resolution: {integrity: sha512-/d0QHehmRuJW8gVz395MTkPcPozxzdjBMBE8oEYGz8O3b9KTMzzQ9ZHJQLuFKOHOPQbU6kx/X4iid/EBBzH7iw==}
    engines: {node: '>=18'}

  tabbable@6.5.0:
    resolution: {integrity: sha512-wieBHXygIm7OyQOu5hQlkk62/WyCFYGlWg7L6/ZCUZwx0o398Zkn4pVmMyfYhfMG8kGrj/Krt8eIk6UKC6VzwA==}

  tailwind-merge@3.6.0:
    resolution: {integrity: sha512-uxL7qAVQriqRQPAyK3pj66VqskWqoZ37PW94jwOTwNfq/z9oyu1V+eqrZqtR2+fCiXdYOZe/Modt8GtvqNzu+w==}

  tailwind-variants@3.2.2:
    resolution: {integrity: sha512-Mi4kHeMTLvKlM98XPnK+7HoBPmf4gygdFmqQPaDivc3DpYS6aIY6KiG/PgThrGvii5YZJqRsPz0aPyhoFzmZgg==}
    engines: {node: '>=16.x', pnpm: '>=7.x'}
    peerDependencies:
      tailwind-merge: '>=3.0.0'
      tailwindcss: '*'
    peerDependenciesMeta:
      tailwind-merge:
        optional: true

  tailwindcss@4.3.1:
    resolution: {integrity: sha512-hk+TB1m+K8CYNrP6rjQaq/Y+4Zylwpa87mLYBKCunwnnQ9p+fHb7kmSfGqyEJoxF/O6CDyABWVFEafNSYKll+Q==}

  tapable@2.3.3:
    resolution: {integrity: sha512-uxc/zpqFg6x7C8vOE7lh6Lbda8eEL9zmVm/PLeTPBRhh1xCgdWaQ+J1CUieGpIfm2HdtsUpRv+HshiasBMcc6A==}
    engines: {node: '>=6'}

  tinyglobby@0.2.17:
    resolution: {integrity: sha512-wXR/dYpcqKmfWpEdZjiKJOwCNFndD0DMnrW/cYjVGttEkBfVgcLFHoNrlj47mjOVic9yyNu65alsgF4NQyTa2g==}
    engines: {node: '>=12.0.0'}

  totalist@3.0.1:
    resolution: {integrity: sha512-sf4i37nQ2LBx4m3wB74y+ubopq6W/dIzXg0FDGjsYnZHVa1Da8FH853wlL2gtUhg+xJXjfk3kUZS3BRoQeoQBQ==}
    engines: {node: '>=6'}

  tslib@2.8.1:
    resolution: {integrity: sha512-oJFu94HQb+KVduSUQL7wnpmqnfmLsOA/nAh6b6EH0wCEoK0/mPeXU6c3wKDV83MkOuHPRHtSXKKU99IBazS/2w==}

  tw-animate-css@1.4.0:
    resolution: {integrity: sha512-7bziOlRqH0hJx80h/3mbicLW7o8qLsH5+RaLR2t+OHM3D0JlWGODQKQ4cxbK7WlvmUxpcj6Kgu6EKqjrGFe3QQ==}

  typescript@6.0.3:
    resolution: {integrity: sha512-y2TvuxSZPDyQakkFRPZHKFm+KKVqIisdg9/CZwm9ftvKXLP8NRWj38/ODjNbr43SsoXqNuAisEf1GdCxqWcdBw==}
    engines: {node: '>=14.17'}
    hasBin: true

  undici-types@8.3.0:
    resolution: {integrity: sha512-j375ScV60dom+YkPFIfTLcOiPxkN/buHz5GobjLhixFuANaNs3C9l4GmrWqejgXWJ7BbJcFYpTEUkS1Ge8bpZQ==}

  valibot@1.4.1:
    resolution: {integrity: sha512-klCmFTz2jeDluy9RwX+F884TCiogtdBJ/YaxSx1EOBYXa3NXNWj8kR1jjN8rzluwojJVWWaHJ4r1U5LfICnM3g==}
    peerDependencies:
      typescript: '>=5'
    peerDependenciesMeta:
      typescript:
        optional: true

  vite@8.1.0:
    resolution: {integrity: sha512-BuJcQK/56NQTWDGn4ABea3q4SSBdNPWwNZKTkkUpcMPnLoquSYH8llRtSUIgoL1KSCpHt5eghLShn50mH36y7Q==}
    engines: {node: ^20.19.0 || >=22.12.0}
    hasBin: true
    peerDependencies:
      '@types/node': ^20.19.0 || >=22.12.0
      '@vitejs/devtools': ^0.3.0
      esbuild: ^0.27.0 || ^0.28.0
      jiti: '>=1.21.0'
      less: ^4.0.0
      sass: ^1.70.0
      sass-embedded: ^1.70.0
      stylus: '>=0.54.8'
      sugarss: ^5.0.0
      terser: ^5.16.0
      tsx: ^4.8.1
      yaml: ^2.4.2
    peerDependenciesMeta:
      '@types/node':
        optional: true
      '@vitejs/devtools':
        optional: true
      esbuild:
        optional: true
      jiti:
        optional: true
      less:
        optional: true
      sass:
        optional: true
      sass-embedded:
        optional: true
      stylus:
        optional: true
      sugarss:
        optional: true
      terser:
        optional: true
      tsx:
        optional: true
      yaml:
        optional: true

  vitefu@1.1.3:
    resolution: {integrity: sha512-ub4okH7Z5KLjb6hDyjqrGXqWtWvoYdU3IGm/NorpgHncKoLTCfRIbvlhBm7r0YstIaQRYlp4yEbFqDcKSzXSSg==}
    peerDependencies:
      vite: ^3.0.0 || ^4.0.0 || ^5.0.0 || ^6.0.0 || ^7.0.0 || ^8.0.0
    peerDependenciesMeta:
      vite:
        optional: true

  yaml@2.9.0:
    resolution: {integrity: sha512-2AvhNX3mb8zd6Zy7INTtSpl1F15HW6Wnqj0srWlkKLcpYl/gMIMJiyuGq2KeI2YFxUPjdlB+3Lc10seMLtL4cA==}
    engines: {node: '>= 14.6'}
    hasBin: true

  zimmerframe@1.1.4:
    resolution: {integrity: sha512-B58NGBEoc8Y9MWWCQGl/gq9xBCe4IiKM0a2x7GZdQKOW5Exr8S1W24J6OgM1njK8xCRGvAJIL/MxXHf6SkmQKQ==}

snapshots:

  '@emnapi/core@1.11.1':
    dependencies:
      '@emnapi/wasi-threads': 1.2.2
      tslib: 2.8.1
    optional: true

  '@emnapi/runtime@1.11.1':
    dependencies:
      tslib: 2.8.1
    optional: true

  '@emnapi/wasi-threads@1.2.2':
    dependencies:
      tslib: 2.8.1
    optional: true

  '@floating-ui/core@1.7.5':
    dependencies:
      '@floating-ui/utils': 0.2.11

  '@floating-ui/dom@1.7.6':
    dependencies:
      '@floating-ui/core': 1.7.5
      '@floating-ui/utils': 0.2.11

  '@floating-ui/utils@0.2.11': {}

  '@fontsource-variable/geist@5.2.9': {}

  '@internationalized/date@3.12.2':
    dependencies:
      '@swc/helpers': 0.5.23

  '@jridgewell/gen-mapping@0.3.13':
    dependencies:
      '@jridgewell/sourcemap-codec': 1.5.5
      '@jridgewell/trace-mapping': 0.3.31

  '@jridgewell/remapping@2.3.5':
    dependencies:
      '@jridgewell/gen-mapping': 0.3.13
      '@jridgewell/trace-mapping': 0.3.31

  '@jridgewell/resolve-uri@3.1.2': {}

  '@jridgewell/sourcemap-codec@1.5.5': {}

  '@jridgewell/trace-mapping@0.3.31':
    dependencies:
      '@jridgewell/resolve-uri': 3.1.2
      '@jridgewell/sourcemap-codec': 1.5.5

  '@lucide/svelte@1.21.0(svelte@5.56.4)':
    dependencies:
      svelte: 5.56.4

  '@napi-rs/wasm-runtime@1.1.5(@emnapi/core@1.11.1)(@emnapi/runtime@1.11.1)':
    dependencies:
      '@emnapi/core': 1.11.1
      '@emnapi/runtime': 1.11.1
      '@tybys/wasm-util': 0.10.2
    optional: true

  '@oxc-project/types@0.137.0': {}

  '@polka/url@1.0.0-next.29': {}

  '@rolldown/binding-android-arm64@1.1.2':
    optional: true

  '@rolldown/binding-darwin-arm64@1.1.2':
    optional: true

  '@rolldown/binding-darwin-x64@1.1.2':
    optional: true

  '@rolldown/binding-freebsd-x64@1.1.2':
    optional: true

  '@rolldown/binding-linux-arm-gnueabihf@1.1.2':
    optional: true

  '@rolldown/binding-linux-arm64-gnu@1.1.2':
    optional: true

  '@rolldown/binding-linux-arm64-musl@1.1.2':
    optional: true

  '@rolldown/binding-linux-ppc64-gnu@1.1.2':
    optional: true

  '@rolldown/binding-linux-s390x-gnu@1.1.2':
    optional: true

  '@rolldown/binding-linux-x64-gnu@1.1.2':
    optional: true

  '@rolldown/binding-linux-x64-musl@1.1.2':
    optional: true

  '@rolldown/binding-openharmony-arm64@1.1.2':
    optional: true

  '@rolldown/binding-wasm32-wasi@1.1.2':
    dependencies:
      '@emnapi/core': 1.11.1
      '@emnapi/runtime': 1.11.1
      '@napi-rs/wasm-runtime': 1.1.5(@emnapi/core@1.11.1)(@emnapi/runtime@1.11.1)
    optional: true

  '@rolldown/binding-win32-arm64-msvc@1.1.2':
    optional: true

  '@rolldown/binding-win32-x64-msvc@1.1.2':
    optional: true

  '@rolldown/pluginutils@1.0.1': {}

  '@standard-schema/spec@1.1.0': {}

  '@sveltejs/acorn-typescript@1.0.10(acorn@8.17.0)':
    dependencies:
      acorn: 8.17.0

  '@sveltejs/adapter-auto@7.0.1(@sveltejs/kit@2.67.0(@sveltejs/vite-plugin-svelte@7.1.2(svelte@5.56.4)(vite@8.1.0(@types/node@26.0.0)(jiti@2.7.0)(yaml@2.9.0)))(svelte@5.56.4)(typescript@6.0.3)(vite@8.1.0(@types/node@26.0.0)(jiti@2.7.0)(yaml@2.9.0)))':
    dependencies:
      '@sveltejs/kit': 2.67.0(@sveltejs/vite-plugin-svelte@7.1.2(svelte@5.56.4)(vite@8.1.0(@types/node@26.0.0)(jiti@2.7.0)(yaml@2.9.0)))(svelte@5.56.4)(typescript@6.0.3)(vite@8.1.0(@types/node@26.0.0)(jiti@2.7.0)(yaml@2.9.0))

  '@sveltejs/kit@2.67.0(@sveltejs/vite-plugin-svelte@7.1.2(svelte@5.56.4)(vite@8.1.0(@types/node@26.0.0)(jiti@2.7.0)(yaml@2.9.0)))(svelte@5.56.4)(typescript@6.0.3)(vite@8.1.0(@types/node@26.0.0)(jiti@2.7.0)(yaml@2.9.0))':
    dependencies:
      '@standard-schema/spec': 1.1.0
      '@sveltejs/acorn-typescript': 1.0.10(acorn@8.17.0)
      '@sveltejs/vite-plugin-svelte': 7.1.2(svelte@5.56.4)(vite@8.1.0(@types/node@26.0.0)(jiti@2.7.0)(yaml@2.9.0))
      '@types/cookie': 0.6.0
      acorn: 8.17.0
      cookie: 0.6.0
      devalue: 5.8.1
      esm-env: 1.2.2
      kleur: 4.1.5
      magic-string: 0.30.21
      mrmime: 2.0.1
      set-cookie-parser: 3.1.0
      sirv: 3.0.2
      svelte: 5.56.4
      vite: 8.1.0(@types/node@26.0.0)(jiti@2.7.0)(yaml@2.9.0)
    optionalDependencies:
      typescript: 6.0.3

  '@sveltejs/load-config@0.2.0': {}

  '@sveltejs/vite-plugin-svelte@7.1.2(svelte@5.56.4)(vite@8.1.0(@types/node@26.0.0)(jiti@2.7.0)(yaml@2.9.0))':
    dependencies:
      deepmerge: 4.3.1
      magic-string: 0.30.21
      obug: 2.1.3
      svelte: 5.56.4
      vite: 8.1.0(@types/node@26.0.0)(jiti@2.7.0)(yaml@2.9.0)
      vitefu: 1.1.3(vite@8.1.0(@types/node@26.0.0)(jiti@2.7.0)(yaml@2.9.0))

  '@swc/helpers@0.5.23':
    dependencies:
      tslib: 2.8.1

  '@tailwindcss/node@4.3.1':
    dependencies:
      '@jridgewell/remapping': 2.3.5
      enhanced-resolve: 5.21.6
      jiti: 2.7.0
      lightningcss: 1.32.0
      magic-string: 0.30.21
      source-map-js: 1.2.1
      tailwindcss: 4.3.1

  '@tailwindcss/oxide-android-arm64@4.3.1':
    optional: true

  '@tailwindcss/oxide-darwin-arm64@4.3.1':
    optional: true

  '@tailwindcss/oxide-darwin-x64@4.3.1':
    optional: true

  '@tailwindcss/oxide-freebsd-x64@4.3.1':
    optional: true

  '@tailwindcss/oxide-linux-arm-gnueabihf@4.3.1':
    optional: true

  '@tailwindcss/oxide-linux-arm64-gnu@4.3.1':
    optional: true

  '@tailwindcss/oxide-linux-arm64-musl@4.3.1':
    optional: true

  '@tailwindcss/oxide-linux-x64-gnu@4.3.1':
    optional: true

  '@tailwindcss/oxide-linux-x64-musl@4.3.1':
    optional: true

  '@tailwindcss/oxide-wasm32-wasi@4.3.1':
    optional: true

  '@tailwindcss/oxide-win32-arm64-msvc@4.3.1':
    optional: true

  '@tailwindcss/oxide-win32-x64-msvc@4.3.1':
    optional: true

  '@tailwindcss/oxide@4.3.1':
    optionalDependencies:
      '@tailwindcss/oxide-android-arm64': 4.3.1
      '@tailwindcss/oxide-darwin-arm64': 4.3.1
      '@tailwindcss/oxide-darwin-x64': 4.3.1
      '@tailwindcss/oxide-freebsd-x64': 4.3.1
      '@tailwindcss/oxide-linux-arm-gnueabihf': 4.3.1
      '@tailwindcss/oxide-linux-arm64-gnu': 4.3.1
      '@tailwindcss/oxide-linux-arm64-musl': 4.3.1
      '@tailwindcss/oxide-linux-x64-gnu': 4.3.1
      '@tailwindcss/oxide-linux-x64-musl': 4.3.1
      '@tailwindcss/oxide-wasm32-wasi': 4.3.1
      '@tailwindcss/oxide-win32-arm64-msvc': 4.3.1
      '@tailwindcss/oxide-win32-x64-msvc': 4.3.1

  '@tailwindcss/vite@4.3.1(vite@8.1.0(@types/node@26.0.0)(jiti@2.7.0)(yaml@2.9.0))':
    dependencies:
      '@tailwindcss/node': 4.3.1
      '@tailwindcss/oxide': 4.3.1
      tailwindcss: 4.3.1
      vite: 8.1.0(@types/node@26.0.0)(jiti@2.7.0)(yaml@2.9.0)

  '@tybys/wasm-util@0.10.2':
    dependencies:
      tslib: 2.8.1
    optional: true

  '@types/cookie@0.6.0': {}

  '@types/estree@1.0.9': {}

  '@types/node@26.0.0':
    dependencies:
      undici-types: 8.3.0

  '@types/trusted-types@2.0.7': {}

  acorn@8.17.0: {}

  aria-query@5.3.1: {}

  axobject-query@4.1.0: {}

  bits-ui@2.18.1(@internationalized/date@3.12.2)(@sveltejs/kit@2.67.0(@sveltejs/vite-plugin-svelte@7.1.2(svelte@5.56.4)(vite@8.1.0(@types/node@26.0.0)(jiti@2.7.0)(yaml@2.9.0)))(svelte@5.56.4)(typescript@6.0.3)(vite@8.1.0(@types/node@26.0.0)(jiti@2.7.0)(yaml@2.9.0)))(svelte@5.56.4):
    dependencies:
      '@floating-ui/core': 1.7.5
      '@floating-ui/dom': 1.7.6
      '@internationalized/date': 3.12.2
      esm-env: 1.2.2
      runed: 0.35.1(@sveltejs/kit@2.67.0(@sveltejs/vite-plugin-svelte@7.1.2(svelte@5.56.4)(vite@8.1.0(@types/node@26.0.0)(jiti@2.7.0)(yaml@2.9.0)))(svelte@5.56.4)(typescript@6.0.3)(vite@8.1.0(@types/node@26.0.0)(jiti@2.7.0)(yaml@2.9.0)))(svelte@5.56.4)
      svelte: 5.56.4
      svelte-toolbelt: 0.10.6(@sveltejs/kit@2.67.0(@sveltejs/vite-plugin-svelte@7.1.2(svelte@5.56.4)(vite@8.1.0(@types/node@26.0.0)(jiti@2.7.0)(yaml@2.9.0)))(svelte@5.56.4)(typescript@6.0.3)(vite@8.1.0(@types/node@26.0.0)(jiti@2.7.0)(yaml@2.9.0)))(svelte@5.56.4)
      tabbable: 6.5.0
    transitivePeerDependencies:
      - '@sveltejs/kit'

  chokidar@4.0.3:
    dependencies:
      readdirp: 4.1.2

  clsx@2.1.1: {}

  commander@14.0.3: {}

  cookie@0.6.0: {}

  deepmerge@4.3.1: {}

  dequal@2.0.3: {}

  detect-libc@2.1.2: {}

  devalue@5.8.1: {}

  enhanced-resolve@5.21.6:
    dependencies:
      graceful-fs: 4.2.11
      tapable: 2.3.3

  esm-env@1.2.2: {}

  esrap@2.2.12:
    dependencies:
      '@jridgewell/sourcemap-codec': 1.5.5

  fdir@6.5.0(picomatch@4.0.4):
    optionalDependencies:
      picomatch: 4.0.4

  fsevents@2.3.3:
    optional: true

  graceful-fs@4.2.11: {}

  inline-style-parser@0.2.7: {}

  is-reference@3.0.3:
    dependencies:
      '@types/estree': 1.0.9

  jiti@2.7.0: {}

  kleur@4.1.5: {}

  lightningcss-android-arm64@1.32.0:
    optional: true

  lightningcss-darwin-arm64@1.32.0:
    optional: true

  lightningcss-darwin-x64@1.32.0:
    optional: true

  lightningcss-freebsd-x64@1.32.0:
    optional: true

  lightningcss-linux-arm-gnueabihf@1.32.0:
    optional: true

  lightningcss-linux-arm64-gnu@1.32.0:
    optional: true

  lightningcss-linux-arm64-musl@1.32.0:
    optional: true

  lightningcss-linux-x64-gnu@1.32.0:
    optional: true

  lightningcss-linux-x64-musl@1.32.0:
    optional: true

  lightningcss-win32-arm64-msvc@1.32.0:
    optional: true

  lightningcss-win32-x64-msvc@1.32.0:
    optional: true

  lightningcss@1.32.0:
    dependencies:
      detect-libc: 2.1.2
    optionalDependencies:
      lightningcss-android-arm64: 1.32.0
      lightningcss-darwin-arm64: 1.32.0
      lightningcss-darwin-x64: 1.32.0
      lightningcss-freebsd-x64: 1.32.0
      lightningcss-linux-arm-gnueabihf: 1.32.0
      lightningcss-linux-arm64-gnu: 1.32.0
      lightningcss-linux-arm64-musl: 1.32.0
      lightningcss-linux-x64-gnu: 1.32.0
      lightningcss-linux-x64-musl: 1.32.0
      lightningcss-win32-arm64-msvc: 1.32.0
      lightningcss-win32-x64-msvc: 1.32.0

  locate-character@3.0.0: {}

  lz-string@1.5.0: {}

  magic-string@0.30.21:
    dependencies:
      '@jridgewell/sourcemap-codec': 1.5.5

  mode-watcher@1.1.0(svelte@5.56.4):
    dependencies:
      runed: 0.25.0(svelte@5.56.4)
      svelte: 5.56.4
      svelte-toolbelt: 0.7.1(svelte@5.56.4)

  mri@1.2.0: {}

  mrmime@2.0.1: {}

  nanoid@3.3.15: {}

  node-fetch-native@1.6.7: {}

  obug@2.1.3: {}

  picocolors@1.1.1: {}

  picomatch@4.0.4: {}

  postcss@8.5.15:
    dependencies:
      nanoid: 3.3.15
      picocolors: 1.1.1
      source-map-js: 1.2.1

  readdirp@4.1.2: {}

  rolldown@1.1.2:
    dependencies:
      '@oxc-project/types': 0.137.0
      '@rolldown/pluginutils': 1.0.1
    optionalDependencies:
      '@rolldown/binding-android-arm64': 1.1.2
      '@rolldown/binding-darwin-arm64': 1.1.2
      '@rolldown/binding-darwin-x64': 1.1.2
      '@rolldown/binding-freebsd-x64': 1.1.2
      '@rolldown/binding-linux-arm-gnueabihf': 1.1.2
      '@rolldown/binding-linux-arm64-gnu': 1.1.2
      '@rolldown/binding-linux-arm64-musl': 1.1.2
      '@rolldown/binding-linux-ppc64-gnu': 1.1.2
      '@rolldown/binding-linux-s390x-gnu': 1.1.2
      '@rolldown/binding-linux-x64-gnu': 1.1.2
      '@rolldown/binding-linux-x64-musl': 1.1.2
      '@rolldown/binding-openharmony-arm64': 1.1.2
      '@rolldown/binding-wasm32-wasi': 1.1.2
      '@rolldown/binding-win32-arm64-msvc': 1.1.2
      '@rolldown/binding-win32-x64-msvc': 1.1.2

  runed@0.23.4(svelte@5.56.4):
    dependencies:
      esm-env: 1.2.2
      svelte: 5.56.4

  runed@0.25.0(svelte@5.56.4):
    dependencies:
      esm-env: 1.2.2
      svelte: 5.56.4

  runed@0.28.0(svelte@5.56.4):
    dependencies:
      esm-env: 1.2.2
      svelte: 5.56.4

  runed@0.35.1(@sveltejs/kit@2.67.0(@sveltejs/vite-plugin-svelte@7.1.2(svelte@5.56.4)(vite@8.1.0(@types/node@26.0.0)(jiti@2.7.0)(yaml@2.9.0)))(svelte@5.56.4)(typescript@6.0.3)(vite@8.1.0(@types/node@26.0.0)(jiti@2.7.0)(yaml@2.9.0)))(svelte@5.56.4):
    dependencies:
      dequal: 2.0.3
      esm-env: 1.2.2
      lz-string: 1.5.0
      svelte: 5.56.4
    optionalDependencies:
      '@sveltejs/kit': 2.67.0(@sveltejs/vite-plugin-svelte@7.1.2(svelte@5.56.4)(vite@8.1.0(@types/node@26.0.0)(jiti@2.7.0)(yaml@2.9.0)))(svelte@5.56.4)(typescript@6.0.3)(vite@8.1.0(@types/node@26.0.0)(jiti@2.7.0)(yaml@2.9.0))

  sade@1.8.1:
    dependencies:
      mri: 1.2.0

  set-cookie-parser@3.1.0: {}

  shadcn-svelte@1.3.0(svelte@5.56.4):
    dependencies:
      commander: 14.0.3
      node-fetch-native: 1.6.7
      postcss: 8.5.15
      svelte: 5.56.4
      tailwind-merge: 3.6.0

  sirv@3.0.2:
    dependencies:
      '@polka/url': 1.0.0-next.29
      mrmime: 2.0.1
      totalist: 3.0.1

  source-map-js@1.2.1: {}

  style-to-object@1.0.14:
    dependencies:
      inline-style-parser: 0.2.7

  svelte-check@4.7.0(picomatch@4.0.4)(svelte@5.56.4)(typescript@6.0.3):
    dependencies:
      '@jridgewell/trace-mapping': 0.3.31
      '@sveltejs/load-config': 0.2.0
      chokidar: 4.0.3
      fdir: 6.5.0(picomatch@4.0.4)
      picocolors: 1.1.1
      sade: 1.8.1
      svelte: 5.56.4
      typescript: 6.0.3
    transitivePeerDependencies:
      - picomatch

  svelte-sonner@1.1.1(svelte@5.56.4):
    dependencies:
      runed: 0.28.0(svelte@5.56.4)
      svelte: 5.56.4

  svelte-toolbelt@0.10.6(@sveltejs/kit@2.67.0(@sveltejs/vite-plugin-svelte@7.1.2(svelte@5.56.4)(vite@8.1.0(@types/node@26.0.0)(jiti@2.7.0)(yaml@2.9.0)))(svelte@5.56.4)(typescript@6.0.3)(vite@8.1.0(@types/node@26.0.0)(jiti@2.7.0)(yaml@2.9.0)))(svelte@5.56.4):
    dependencies:
      clsx: 2.1.1
      runed: 0.35.1(@sveltejs/kit@2.67.0(@sveltejs/vite-plugin-svelte@7.1.2(svelte@5.56.4)(vite@8.1.0(@types/node@26.0.0)(jiti@2.7.0)(yaml@2.9.0)))(svelte@5.56.4)(typescript@6.0.3)(vite@8.1.0(@types/node@26.0.0)(jiti@2.7.0)(yaml@2.9.0)))(svelte@5.56.4)
      style-to-object: 1.0.14
      svelte: 5.56.4
    transitivePeerDependencies:
      - '@sveltejs/kit'

  svelte-toolbelt@0.7.1(svelte@5.56.4):
    dependencies:
      clsx: 2.1.1
      runed: 0.23.4(svelte@5.56.4)
      style-to-object: 1.0.14
      svelte: 5.56.4

  svelte@5.56.4:
    dependencies:
      '@jridgewell/remapping': 2.3.5
      '@jridgewell/sourcemap-codec': 1.5.5
      '@sveltejs/acorn-typescript': 1.0.10(acorn@8.17.0)
      '@types/estree': 1.0.9
      '@types/trusted-types': 2.0.7
      acorn: 8.17.0
      aria-query: 5.3.1
      axobject-query: 4.1.0
      clsx: 2.1.1
      devalue: 5.8.1
      esm-env: 1.2.2
      esrap: 2.2.12
      is-reference: 3.0.3
      locate-character: 3.0.0
      magic-string: 0.30.21
      zimmerframe: 1.1.4
    transitivePeerDependencies:
      - '@typescript-eslint/types'

  tabbable@6.5.0: {}

  tailwind-merge@3.6.0: {}

  tailwind-variants@3.2.2(tailwind-merge@3.6.0)(tailwindcss@4.3.1):
    dependencies:
      tailwindcss: 4.3.1
    optionalDependencies:
      tailwind-merge: 3.6.0

  tailwindcss@4.3.1: {}

  tapable@2.3.3: {}

  tinyglobby@0.2.17:
    dependencies:
      fdir: 6.5.0(picomatch@4.0.4)
      picomatch: 4.0.4

  totalist@3.0.1: {}

  tslib@2.8.1: {}

  tw-animate-css@1.4.0: {}

  typescript@6.0.3: {}

  undici-types@8.3.0: {}

  valibot@1.4.1(typescript@6.0.3):
    optionalDependencies:
      typescript: 6.0.3

  vite@8.1.0(@types/node@26.0.0)(jiti@2.7.0)(yaml@2.9.0):
    dependencies:
      lightningcss: 1.32.0
      picomatch: 4.0.4
      postcss: 8.5.15
      rolldown: 1.1.2
      tinyglobby: 0.2.17
    optionalDependencies:
      '@types/node': 26.0.0
      fsevents: 2.3.3
      jiti: 2.7.0
      yaml: 2.9.0

  vitefu@1.1.3(vite@8.1.0(@types/node@26.0.0)(jiti@2.7.0)(yaml@2.9.0)):
    optionalDependencies:
      vite: 8.1.0(@types/node@26.0.0)(jiti@2.7.0)(yaml@2.9.0)

  yaml@2.9.0: {}

  zimmerframe@1.1.4: {}
